// !$*UTF8*$!
{
	archiveVersion = 1;
	classes = {
	};
	objectVersion = 46;
	objects = {

/* Begin PBXBuildFile section */
		9A1559C51CB6D4C700CAB1AF /* CYLTabBarControllerConfig.m in Sources */ = {isa = PBXBuildFile; fileRef = 9A1559C41CB6D4C700CAB1AF /* CYLTabBarControllerConfig.m */; };
		9A1559C81CB6D4D300CAB1AF /* AppDelegate.m in Sources */ = {isa = PBXBuildFile; fileRef = 9A1559C61CB6D4D300CAB1AF /* AppDelegate.m */; };
		9A1559DB1CB6D56500CAB1AF /* CYLHomeViewController.m in Sources */ = {isa = PBXBuildFile; fileRef = 9A1559CC1CB6D56500CAB1AF /* CYLHomeViewController.m */; };
		9A1559DC1CB6D56500CAB1AF /* CYLMessageViewController.m in Sources */ = {isa = PBXBuildFile; fileRef = 9A1559CF1CB6D56500CAB1AF /* CYLMessageViewController.m */; };
		9A1559DD1CB6D56500CAB1AF /* CYLMineViewController.m in Sources */ = {isa = PBXBuildFile; fileRef = 9A1559D21CB6D56500CAB1AF /* CYLMineViewController.m */; };
		9A1559DE1CB6D56500CAB1AF /* CYLDetailsViewController.m in Sources */ = {isa = PBXBuildFile; fileRef = 9A1559D51CB6D56500CAB1AF /* CYLDetailsViewController.m */; };
		9A1559DF1CB6D56500CAB1AF /* CYLSameCityViewController.m in Sources */ = {isa = PBXBuildFile; fileRef = 9A1559D71CB6D56500CAB1AF /* CYLSameCityViewController.m */; };
		9A1559E41CB6EB1F00CAB1AF /* CYLPlusButtonSubclass.m in Sources */ = {isa = PBXBuildFile; fileRef = 9A1559E31CB6EB1F00CAB1AF /* CYLPlusButtonSubclass.m */; };
		9A474B5A1EF03D1B0020D132 /* UITabBarItem+CYLTabBarControllerExtention.m in Sources */ = {isa = PBXBuildFile; fileRef = 9A474B591EF03D1B0020D132 /* UITabBarItem+CYLTabBarControllerExtention.m */; };
		9A474B5D1EF1586C0020D132 /* UIControl+CYLTabBarControllerExtention.m in Sources */ = {isa = PBXBuildFile; fileRef = 9A474B5C1EF1586C0020D132 /* UIControl+CYLTabBarControllerExtention.m */; };
		9A474C0F1EEFCCE200560ED1 /* UIView+CYLTabBarControllerExtention.m in Sources */ = {isa = PBXBuildFile; fileRef = 9A474C0E1EEFCCE200560ED1 /* UIView+CYLTabBarControllerExtention.m */; };
		9AE667131C800085001DED12 /* UIViewController+CYLTabBarControllerExtention.m in Sources */ = {isa = PBXBuildFile; fileRef = 9AE667121C800085001DED12 /* UIViewController+CYLTabBarControllerExtention.m */; };
		9AE942E71BDC933E00354519 /* LaunchScreen.xib in Resources */ = {isa = PBXBuildFile; fileRef = 9AE942CB1BDC933E00354519 /* LaunchScreen.xib */; };
		9AE942E81BDC933E00354519 /* Main.storyboard in Resources */ = {isa = PBXBuildFile; fileRef = 9AE942CD1BDC933E00354519 /* Main.storyboard */; };
		9AE942EF1BDC933E00354519 /* Images.xcassets in Resources */ = {isa = PBXBuildFile; fileRef = 9AE942E31BDC933E00354519 /* Images.xcassets */; };
		9AE942F11BDC933E00354519 /* main.m in Sources */ = {isa = PBXBuildFile; fileRef = 9AE942E51BDC933E00354519 /* main.m */; };
		9AE942F91BDC937F00354519 /* CYLPlusButton.m in Sources */ = {isa = PBXBuildFile; fileRef = 9AE942F41BDC937F00354519 /* CYLPlusButton.m */; };
		9AE942FA1BDC937F00354519 /* CYLTabBar.m in Sources */ = {isa = PBXBuildFile; fileRef = 9AE942F61BDC937F00354519 /* CYLTabBar.m */; };
		9AE942FB1BDC937F00354519 /* CYLTabBarController.m in Sources */ = {isa = PBXBuildFile; fileRef = 9AE942F81BDC937F00354519 /* CYLTabBarController.m */; };
/* End PBXBuildFile section */

/* Begin PBXFileReference section */
		9A1559C31CB6D4C700CAB1AF /* CYLTabBarControllerConfig.h */ = {isa = PBXFileReference; fileEncoding = 4; lastKnownFileType = sourcecode.c.h; path = CYLTabBarControllerConfig.h; sourceTree = "<group>"; };
		9A1559C41CB6D4C700CAB1AF /* CYLTabBarControllerConfig.m */ = {isa = PBXFileReference; fileEncoding = 4; lastKnownFileType = sourcecode.c.objc; path = CYLTabBarControllerConfig.m; sourceTree = "<group>"; };
		9A1559C61CB6D4D300CAB1AF /* AppDelegate.m */ = {isa = PBXFileReference; fileEncoding = 4; lastKnownFileType = sourcecode.c.objc; path = AppDelegate.m; sourceTree = "<group>"; };
		9A1559C71CB6D4D300CAB1AF /* AppDelegate.h */ = {isa = PBXFileReference; fileEncoding = 4; lastKnownFileType = sourcecode.c.h; path = AppDelegate.h; sourceTree = "<group>"; };
		9A1559CB1CB6D56500CAB1AF /* CYLHomeViewController.h */ = {isa = PBXFileReference; fileEncoding = 4; lastKnownFileType = sourcecode.c.h; path = CYLHomeViewController.h; sourceTree = "<group>"; };
		9A1559CC1CB6D56500CAB1AF /* CYLHomeViewController.m */ = {isa = PBXFileReference; fileEncoding = 4; lastKnownFileType = sourcecode.c.objc; path = CYLHomeViewController.m; sourceTree = "<group>"; };
		9A1559CE1CB6D56500CAB1AF /* CYLMessageViewController.h */ = {isa = PBXFileReference; fileEncoding = 4; lastKnownFileType = sourcecode.c.h; path = CYLMessageViewController.h; sourceTree = "<group>"; };
		9A1559CF1CB6D56500CAB1AF /* CYLMessageViewController.m */ = {isa = PBXFileReference; fileEncoding = 4; lastKnownFileType = sourcecode.c.objc; path = CYLMessageViewController.m; sourceTree = "<group>"; };
		9A1559D11CB6D56500CAB1AF /* CYLMineViewController.h */ = {isa = PBXFileReference; fileEncoding = 4; lastKnownFileType = sourcecode.c.h; path = CYLMineViewController.h; sourceTree = "<group>"; };
		9A1559D21CB6D56500CAB1AF /* CYLMineViewController.m */ = {isa = PBXFileReference; fileEncoding = 4; lastKnownFileType = sourcecode.c.objc; path = CYLMineViewController.m; sourceTree = "<group>"; };
		9A1559D41CB6D56500CAB1AF /* CYLDetailsViewController.h */ = {isa = PBXFileReference; fileEncoding = 4; lastKnownFileType = sourcecode.c.h; path = CYLDetailsViewController.h; sourceTree = "<group>"; };
		9A1559D51CB6D56500CAB1AF /* CYLDetailsViewController.m */ = {isa = PBXFileReference; fileEncoding = 4; lastKnownFileType = sourcecode.c.objc; path = CYLDetailsViewController.m; sourceTree = "<group>"; };
		9A1559D61CB6D56500CAB1AF /* CYLSameCityViewController.h */ = {isa = PBXFileReference; fileEncoding = 4; lastKnownFileType = sourcecode.c.h; path = CYLSameCityViewController.h; sourceTree = "<group>"; };
		9A1559D71CB6D56500CAB1AF /* CYLSameCityViewController.m */ = {isa = PBXFileReference; fileEncoding = 4; lastKnownFileType = sourcecode.c.objc; path = CYLSameCityViewController.m; sourceTree = "<group>"; };
		9A1559E21CB6EB1F00CAB1AF /* CYLPlusButtonSubclass.h */ = {isa = PBXFileReference; fileEncoding = 4; lastKnownFileType = sourcecode.c.h; path = CYLPlusButtonSubclass.h; sourceTree = "<group>"; };
		9A1559E31CB6EB1F00CAB1AF /* CYLPlusButtonSubclass.m */ = {isa = PBXFileReference; fileEncoding = 4; lastKnownFileType = sourcecode.c.objc; path = CYLPlusButtonSubclass.m; sourceTree = "<group>"; };
		9A474B581EF03D1B0020D132 /* UITabBarItem+CYLTabBarControllerExtention.h */ = {isa = PBXFileReference; fileEncoding = 4; lastKnownFileType = sourcecode.c.h; path = "UITabBarItem+CYLTabBarControllerExtention.h"; sourceTree = "<group>"; };
		9A474B591EF03D1B0020D132 /* UITabBarItem+CYLTabBarControllerExtention.m */ = {isa = PBXFileReference; fileEncoding = 4; lastKnownFileType = sourcecode.c.objc; path = "UITabBarItem+CYLTabBarControllerExtention.m"; sourceTree = "<group>"; };
		9A474B5B1EF1586C0020D132 /* UIControl+CYLTabBarControllerExtention.h */ = {isa = PBXFileReference; fileEncoding = 4; lastKnownFileType = sourcecode.c.h; path = "UIControl+CYLTabBarControllerExtention.h"; sourceTree = "<group>"; };
		9A474B5C1EF1586C0020D132 /* UIControl+CYLTabBarControllerExtention.m */ = {isa = PBXFileReference; fileEncoding = 4; lastKnownFileType = sourcecode.c.objc; path = "UIControl+CYLTabBarControllerExtention.m"; sourceTree = "<group>"; };
		9A474C0D1EEFCCE200560ED1 /* UIView+CYLTabBarControllerExtention.h */ = {isa = PBXFileReference; fileEncoding = 4; lastKnownFileType = sourcecode.c.h; path = "UIView+CYLTabBarControllerExtention.h"; sourceTree = "<group>"; };
		9A474C0E1EEFCCE200560ED1 /* UIView+CYLTabBarControllerExtention.m */ = {isa = PBXFileReference; fileEncoding = 4; lastKnownFileType = sourcecode.c.objc; path = "UIView+CYLTabBarControllerExtention.m"; sourceTree = "<group>"; };
		9A5B29111D3475BC009E1BEE /* CYLConstants.h */ = {isa = PBXFileReference; lastKnownFileType = sourcecode.c.h; path = CYLConstants.h; sourceTree = "<group>"; };
		9AE667111C800085001DED12 /* UIViewController+CYLTabBarControllerExtention.h */ = {isa = PBXFileReference; fileEncoding = 4; lastKnownFileType = sourcecode.c.h; path = "UIViewController+CYLTabBarControllerExtention.h"; sourceTree = "<group>"; };
		9AE667121C800085001DED12 /* UIViewController+CYLTabBarControllerExtention.m */ = {isa = PBXFileReference; fileEncoding = 4; lastKnownFileType = sourcecode.c.objc; path = "UIViewController+CYLTabBarControllerExtention.m"; sourceTree = "<group>"; };
		9AE942741BDC91B800354519 /* CYLTabBarController.app */ = {isa = PBXFileReference; explicitFileType = wrapper.application; includeInIndex = 0; path = CYLTabBarController.app; sourceTree = BUILT_PRODUCTS_DIR; };
		9AE942921BDC91B900354519 /* Info.plist */ = {isa = PBXFileReference; lastKnownFileType = text.plist.xml; path = Info.plist; sourceTree = "<group>"; };
		9AE942931BDC91B900354519 /* CYLTabBarControllerTests.m */ = {isa = PBXFileReference; lastKnownFileType = sourcecode.c.objc; path = CYLTabBarControllerTests.m; sourceTree = "<group>"; };
		9AE942CC1BDC933E00354519 /* Base */ = {isa = PBXFileReference; lastKnownFileType = file.xib; name = Base; path = Base.lproj/LaunchScreen.xib; sourceTree = "<group>"; };
		9AE942CE1BDC933E00354519 /* Base */ = {isa = PBXFileReference; lastKnownFileType = file.storyboard; name = Base; path = Base.lproj/Main.storyboard; sourceTree = "<group>"; };
		9AE942E31BDC933E00354519 /* Images.xcassets */ = {isa = PBXFileReference; lastKnownFileType = folder.assetcatalog; path = Images.xcassets; sourceTree = "<group>"; };
		9AE942E41BDC933E00354519 /* Info.plist */ = {isa = PBXFileReference; fileEncoding = 4; lastKnownFileType = text.plist.xml; path = Info.plist; sourceTree = "<group>"; };
		9AE942E51BDC933E00354519 /* main.m */ = {isa = PBXFileReference; fileEncoding = 4; lastKnownFileType = sourcecode.c.objc; path = main.m; sourceTree = "<group>"; };
		9AE942F31BDC937F00354519 /* CYLPlusButton.h */ = {isa = PBXFileReference; fileEncoding = 4; lastKnownFileType = sourcecode.c.h; path = CYLPlusButton.h; sourceTree = "<group>"; };
		9AE942F41BDC937F00354519 /* CYLPlusButton.m */ = {isa = PBXFileReference; fileEncoding = 4; lastKnownFileType = sourcecode.c.objc; path = CYLPlusButton.m; sourceTree = "<group>"; };
		9AE942F51BDC937F00354519 /* CYLTabBar.h */ = {isa = PBXFileReference; fileEncoding = 4; lastKnownFileType = sourcecode.c.h; path = CYLTabBar.h; sourceTree = "<group>"; };
		9AE942F61BDC937F00354519 /* CYLTabBar.m */ = {isa = PBXFileReference; fileEncoding = 4; lastKnownFileType = sourcecode.c.objc; path = CYLTabBar.m; sourceTree = "<group>"; };
		9AE942F71BDC937F00354519 /* CYLTabBarController.h */ = {isa = PBXFileReference; fileEncoding = 4; lastKnownFileType = sourcecode.c.h; path = CYLTabBarController.h; sourceTree = "<group>"; };
		9AE942F81BDC937F00354519 /* CYLTabBarController.m */ = {isa = PBXFileReference; fileEncoding = 4; lastKnownFileType = sourcecode.c.objc; path = CYLTabBarController.m; sourceTree = "<group>"; };
/* End PBXFileReference section */

/* Begin PBXFrameworksBuildPhase section */
		9AE942711BDC91B800354519 /* Frameworks */ = {
			isa = PBXFrameworksBuildPhase;
			buildActionMask = 2147483647;
			files = (
			);
			runOnlyForDeploymentPostprocessing = 0;
		};
/* End PBXFrameworksBuildPhase section */

/* Begin PBXGroup section */
		9A1559C91CB6D56500CAB1AF /* Module */ = {
			isa = PBXGroup;
			children = (
				9A1559CA1CB6D56500CAB1AF /* Home */,
				9A1559CD1CB6D56500CAB1AF /* Message */,
				9A1559D01CB6D56500CAB1AF /* Mine */,
				9A1559D31CB6D56500CAB1AF /* SameCity */,
			);
			path = Module;
			sourceTree = "<group>";
		};
		9A1559CA1CB6D56500CAB1AF /* Home */ = {
			isa = PBXGroup;
			children = (
				9A1559CB1CB6D56500CAB1AF /* CYLHomeViewController.h */,
				9A1559CC1CB6D56500CAB1AF /* CYLHomeViewController.m */,
			);
			path = Home;
			sourceTree = "<group>";
		};
		9A1559CD1CB6D56500CAB1AF /* Message */ = {
			isa = PBXGroup;
			children = (
				9A1559CE1CB6D56500CAB1AF /* CYLMessageViewController.h */,
				9A1559CF1CB6D56500CAB1AF /* CYLMessageViewController.m */,
			);
			path = Message;
			sourceTree = "<group>";
		};
		9A1559D01CB6D56500CAB1AF /* Mine */ = {
			isa = PBXGroup;
			children = (
				9A1559D11CB6D56500CAB1AF /* CYLMineViewController.h */,
				9A1559D21CB6D56500CAB1AF /* CYLMineViewController.m */,
			);
			path = Mine;
			sourceTree = "<group>";
		};
		9A1559D31CB6D56500CAB1AF /* SameCity */ = {
			isa = PBXGroup;
			children = (
				9A1559D41CB6D56500CAB1AF /* CYLDetailsViewController.h */,
				9A1559D51CB6D56500CAB1AF /* CYLDetailsViewController.m */,
				9A1559D61CB6D56500CAB1AF /* CYLSameCityViewController.h */,
				9A1559D71CB6D56500CAB1AF /* CYLSameCityViewController.m */,
			);
			path = SameCity;
			sourceTree = "<group>";
		};
		9A1559E11CB6EB1F00CAB1AF /* View */ = {
			isa = PBXGroup;
			children = (
				9A1559E21CB6EB1F00CAB1AF /* CYLPlusButtonSubclass.h */,
				9A1559E31CB6EB1F00CAB1AF /* CYLPlusButtonSubclass.m */,
			);
			path = View;
			sourceTree = "<group>";
		};
		9AE9426B1BDC91B800354519 = {
			isa = PBXGroup;
			children = (
				9AE942F21BDC937F00354519 /* CYLTabBarController */,
				9AE942C81BDC933E00354519 /* Example */,
				9AE942901BDC91B900354519 /* CYLTabBarControllerTests */,
				9AE942751BDC91B800354519 /* Products */,
			);
			sourceTree = "<group>";
		};
		9AE942751BDC91B800354519 /* Products */ = {
			isa = PBXGroup;
			children = (
				9AE942741BDC91B800354519 /* CYLTabBarController.app */,
			);
			name = Products;
			sourceTree = "<group>";
		};
		9AE942901BDC91B900354519 /* CYLTabBarControllerTests */ = {
			isa = PBXGroup;
			children = (
				9AE942931BDC91B900354519 /* CYLTabBarControllerTests.m */,
				9AE942911BDC91B900354519 /* Supporting Files */,
			);
			path = CYLTabBarControllerTests;
			sourceTree = "<group>";
		};
		9AE942911BDC91B900354519 /* Supporting Files */ = {
			isa = PBXGroup;
			children = (
				9AE942921BDC91B900354519 /* Info.plist */,
			);
			name = "Supporting Files";
			sourceTree = "<group>";
		};
		9AE942C81BDC933E00354519 /* Example */ = {
			isa = PBXGroup;
			children = (
				9A1559C71CB6D4D300CAB1AF /* AppDelegate.h */,
				9A1559C61CB6D4D300CAB1AF /* AppDelegate.m */,
				9A1559C31CB6D4C700CAB1AF /* CYLTabBarControllerConfig.h */,
				9A1559C41CB6D4C700CAB1AF /* CYLTabBarControllerConfig.m */,
				9AE942CF1BDC933E00354519 /* Classes */,
				9AE942CB1BDC933E00354519 /* LaunchScreen.xib */,
				9AE942CD1BDC933E00354519 /* Main.storyboard */,
				9AE942E31BDC933E00354519 /* Images.xcassets */,
				9AE942E41BDC933E00354519 /* Info.plist */,
				9AE942E51BDC933E00354519 /* main.m */,
			);
			path = Example;
			sourceTree = "<group>";
		};
		9AE942CF1BDC933E00354519 /* Classes */ = {
			isa = PBXGroup;
			children = (
				9A1559E11CB6EB1F00CAB1AF /* View */,
				9A1559C91CB6D56500CAB1AF /* Module */,
			);
			path = Classes;
			sourceTree = "<group>";
		};
		9AE942F21BDC937F00354519 /* CYLTabBarController */ = {
			isa = PBXGroup;
			children = (
				9AE942F71BDC937F00354519 /* CYLTabBarController.h */,
				9AE942F81BDC937F00354519 /* CYLTabBarController.m */,
				9AE942F51BDC937F00354519 /* CYLTabBar.h */,
				9AE942F61BDC937F00354519 /* CYLTabBar.m */,
				9AE942F31BDC937F00354519 /* CYLPlusButton.h */,
				9AE942F41BDC937F00354519 /* CYLPlusButton.m */,
				9AE667111C800085001DED12 /* UIViewController+CYLTabBarControllerExtention.h */,
				9AE667121C800085001DED12 /* UIViewController+CYLTabBarControllerExtention.m */,
				9A474C0D1EEFCCE200560ED1 /* UIView+CYLTabBarControllerExtention.h */,
				9A474C0E1EEFCCE200560ED1 /* UIView+CYLTabBarControllerExtention.m */,
				9A474B581EF03D1B0020D132 /* UITabBarItem+CYLTabBarControllerExtention.h */,
				9A474B591EF03D1B0020D132 /* UITabBarItem+CYLTabBarControllerExtention.m */,
				9A474B5B1EF1586C0020D132 /* UIControl+CYLTabBarControllerExtention.h */,
				9A474B5C1EF1586C0020D132 /* UIControl+CYLTabBarControllerExtention.m */,
				9A5B29111D3475BC009E1BEE /* CYLConstants.h */,
			);
			path = CYLTabBarController;
			sourceTree = "<group>";
		};
/* End PBXGroup section */

/* Begin PBXNativeTarget section */
		9AE942731BDC91B800354519 /* CYLTabBarController */ = {
			isa = PBXNativeTarget;
			buildConfigurationList = 9AE942971BDC91B900354519 /* Build configuration list for PBXNativeTarget "CYLTabBarController" */;
			buildPhases = (
				9AE942701BDC91B800354519 /* Sources */,
				9AE942711BDC91B800354519 /* Frameworks */,
				9AE942721BDC91B800354519 /* Resources */,
			);
			buildRules = (
			);
			dependencies = (
			);
			name = CYLTabBarController;
			productName = CYLTabBarController;
			productReference = 9AE942741BDC91B800354519 /* CYLTabBarController.app */;
			productType = "com.apple.product-type.application";
		};
/* End PBXNativeTarget section */

/* Begin PBXProject section */
		9AE9426C1BDC91B800354519 /* Project object */ = {
			isa = PBXProject;
			attributes = {
				LastUpgradeCheck = 0710;
				ORGANIZATIONNAME = "微博@iOS程序犭袁";
				TargetAttributes = {
					9AE942731BDC91B800354519 = {
						CreatedOnToolsVersion = 6.3;
						DevelopmentTeam = Y6X8P44TM5;
					};
				};
			};
			buildConfigurationList = 9AE9426F1BDC91B800354519 /* Build configuration list for PBXProject "CYLTabBarController" */;
			compatibilityVersion = "Xcode 3.2";
			developmentRegion = English;
			hasScannedForEncodings = 0;
			knownRegions = (
				en,
				Base,
			);
			mainGroup = 9AE9426B1BDC91B800354519;
			productRefGroup = 9AE942751BDC91B800354519 /* Products */;
			projectDirPath = "";
			projectRoot = "";
			targets = (
				9AE942731BDC91B800354519 /* CYLTabBarController */,
			);
		};
/* End PBXProject section */

/* Begin PBXResourcesBuildPhase section */
		9AE942721BDC91B800354519 /* Resources */ = {
			isa = PBXResourcesBuildPhase;
			buildActionMask = 2147483647;
			files = (
				9AE942EF1BDC933E00354519 /* Images.xcassets in Resources */,
				9AE942E71BDC933E00354519 /* LaunchScreen.xib in Resources */,
				9AE942E81BDC933E00354519 /* Main.storyboard in Resources */,
			);
			runOnlyForDeploymentPostprocessing = 0;
		};
/* End PBXResourcesBuildPhase section */

/* Begin PBXSourcesBuildPhase section */
		9AE942701BDC91B800354519 /* Sources */ = {
			isa = PBXSourcesBuildPhase;
			buildActionMask = 2147483647;
			files = (
				9A1559DC1CB6D56500CAB1AF /* CYLMessageViewController.m in Sources */,
				9A1559C51CB6D4C700CAB1AF /* CYLTabBarControllerConfig.m in Sources */,
				9A1559DE1CB6D56500CAB1AF /* CYLDetailsViewController.m in Sources */,
				9AE667131C800085001DED12 /* UIViewController+CYLTabBarControllerExtention.m in Sources */,
				9A1559E41CB6EB1F00CAB1AF /* CYLPlusButtonSubclass.m in Sources */,
				9A1559DF1CB6D56500CAB1AF /* CYLSameCityViewController.m in Sources */,
				9A1559DB1CB6D56500CAB1AF /* CYLHomeViewController.m in Sources */,
				9A474B5D1EF1586C0020D132 /* UIControl+CYLTabBarControllerExtention.m in Sources */,
				9A474B5A1EF03D1B0020D132 /* UITabBarItem+CYLTabBarControllerExtention.m in Sources */,
				9AE942F91BDC937F00354519 /* CYLPlusButton.m in Sources */,
				9A1559C81CB6D4D300CAB1AF /* AppDelegate.m in Sources */,
				9A474C0F1EEFCCE200560ED1 /* UIView+CYLTabBarControllerExtention.m in Sources */,
				9A1559DD1CB6D56500CAB1AF /* CYLMineViewController.m in Sources */,
				9AE942FB1BDC937F00354519 /* CYLTabBarController.m in Sources */,
				9AE942F11BDC933E00354519 /* main.m in Sources */,
				9AE942FA1BDC937F00354519 /* CYLTabBar.m in Sources */,
			);
			runOnlyForDeploymentPostprocessing = 0;
		};
/* End PBXSourcesBuildPhase section */

/* Begin PBXVariantGroup section */
		9AE942CB1BDC933E00354519 /* LaunchScreen.xib */ = {
			isa = PBXVariantGroup;
			children = (
				9AE942CC1BDC933E00354519 /* Base */,
			);
			name = LaunchScreen.xib;
			sourceTree = "<group>";
		};
		9AE942CD1BDC933E00354519 /* Main.storyboard */ = {
			isa = PBXVariantGroup;
			children = (
				9AE942CE1BDC933E00354519 /* Base */,
			);
			name = Main.storyboard;
			sourceTree = "<group>";
		};
/* End PBXVariantGroup section */

/* Begin XCBuildConfiguration section */
		9AE942951BDC91B900354519 /* Debug */ = {
			isa = XCBuildConfiguration;
			buildSettings = {
				ALWAYS_SEARCH_USER_PATHS = NO;
				CLANG_CXX_LANGUAGE_STANDARD = "gnu++0x";
				CLANG_CXX_LIBRARY = "libc++";
				CLANG_ENABLE_MODULES = YES;
				CLANG_ENABLE_OBJC_ARC = YES;
				CLANG_WARN_BOOL_CONVERSION = YES;
				CLANG_WARN_CONSTANT_CONVERSION = YES;
				CLANG_WARN_DIRECT_OBJC_ISA_USAGE = YES_ERROR;
				CLANG_WARN_EMPTY_BODY = YES;
				CLANG_WARN_ENUM_CONVERSION = YES;
				CLANG_WARN_INT_CONVERSION = YES;
				CLANG_WARN_OBJC_ROOT_CLASS = YES_ERROR;
				CLANG_WARN_UNREACHABLE_CODE = YES;
				CLANG_WARN__DUPLICATE_METHOD_MATCH = YES;
				"CODE_SIGN_IDENTITY[sdk=iphoneos*]" = "iPhone Developer";
				COPY_PHASE_STRIP = NO;
				DEBUG_INFORMATION_FORMAT = "dwarf-with-dsym";
				ENABLE_STRICT_OBJC_MSGSEND = YES;
				ENABLE_TESTABILITY = YES;
				GCC_C_LANGUAGE_STANDARD = gnu99;
				GCC_DYNAMIC_NO_PIC = NO;
				GCC_NO_COMMON_BLOCKS = YES;
				GCC_OPTIMIZATION_LEVEL = 0;
				GCC_PREPROCESSOR_DEFINITIONS = (
					"DEBUG=1",
					"$(inherited)",
				);
				GCC_SYMBOLS_PRIVATE_EXTERN = NO;
				GCC_WARN_64_TO_32_BIT_CONVERSION = YES;
				GCC_WARN_ABOUT_RETURN_TYPE = YES_ERROR;
				GCC_WARN_UNDECLARED_SELECTOR = YES;
				GCC_WARN_UNINITIALIZED_AUTOS = YES_AGGRESSIVE;
				GCC_WARN_UNUSED_FUNCTION = YES;
				GCC_WARN_UNUSED_VARIABLE = YES;
				IPHONEOS_DEPLOYMENT_TARGET = 7.0;
				MTL_ENABLE_DEBUG_INFO = YES;
				ONLY_ACTIVE_ARCH = YES;
				SDKROOT = iphoneos;
				TARGETED_DEVICE_FAMILY = "1,2";
			};
			name = Debug;
		};
		9AE942961BDC91B900354519 /* Release */ = {
			isa = XCBuildConfiguration;
			buildSettings = {
				ALWAYS_SEARCH_USER_PATHS = NO;
				CLANG_CXX_LANGUAGE_STANDARD = "gnu++0x";
				CLANG_CXX_LIBRARY = "libc++";
				CLANG_ENABLE_MODULES = YES;
				CLANG_ENABLE_OBJC_ARC = YES;
				CLANG_WARN_BOOL_CONVERSION = YES;
				CLANG_WARN_CONSTANT_CONVERSION = YES;
				CLANG_WARN_DIRECT_OBJC_ISA_USAGE = YES_ERROR;
				CLANG_WARN_EMPTY_BODY = YES;
				CLANG_WARN_ENUM_CONVERSION = YES;
				CLANG_WARN_INT_CONVERSION = YES;
				CLANG_WARN_OBJC_ROOT_CLASS = YES_ERROR;
				CLANG_WARN_UNREACHABLE_CODE = YES;
				CLANG_WARN__DUPLICATE_METHOD_MATCH = YES;
				"CODE_SIGN_IDENTITY[sdk=iphoneos*]" = "iPhone Developer";
				COPY_PHASE_STRIP = NO;
				DEBUG_INFORMATION_FORMAT = "dwarf-with-dsym";
				ENABLE_NS_ASSERTIONS = NO;
				ENABLE_STRICT_OBJC_MSGSEND = YES;
				GCC_C_LANGUAGE_STANDARD = gnu99;
				GCC_NO_COMMON_BLOCKS = YES;
				GCC_WARN_64_TO_32_BIT_CONVERSION = YES;
				GCC_WARN_ABOUT_RETURN_TYPE = YES_ERROR;
				GCC_WARN_UNDECLARED_SELECTOR = YES;
				GCC_WARN_UNINITIALIZED_AUTOS = YES_AGGRESSIVE;
				GCC_WARN_UNUSED_FUNCTION = YES;
				GCC_WARN_UNUSED_VARIABLE = YES;
				IPHONEOS_DEPLOYMENT_TARGET = 7.0;
				MTL_ENABLE_DEBUG_INFO = NO;
				SDKROOT = iphoneos;
				TARGETED_DEVICE_FAMILY = "1,2";
				VALIDATE_PRODUCT = YES;
			};
			name = Release;
		};
		9AE942981BDC91B900354519 /* Debug */ = {
			isa = XCBuildConfiguration;
			buildSettings = {
				ASSETCATALOG_COMPILER_APPICON_NAME = AppIcon;
				ASSETCATALOG_COMPILER_LAUNCHIMAGE_NAME = LaunchImage;
				CODE_SIGN_IDENTITY = "iPhone Developer";
				"CODE_SIGN_IDENTITY[sdk=iphoneos*]" = "iPhone Developer";
				INFOPLIST_FILE = "$(SRCROOT)/Example/Info.plist";
				IPHONEOS_DEPLOYMENT_TARGET = 7.0;
				LD_RUNPATH_SEARCH_PATHS = "$(inherited) @executable_path/Frameworks";
				PRODUCT_BUNDLE_IDENTIFIER = "CYL.$(PRODUCT_NAME:rfc1034identifier)";
				PRODUCT_NAME = "$(TARGET_NAME)";
				PROVISIONING_PROFILE = "";
			};
			name = Debug;
		};
		9AE942991BDC91B900354519 /* Release */ = {
			isa = XCBuildConfiguration;
			buildSettings = {
				ASSETCATALOG_COMPILER_APPICON_NAME = AppIcon;
				ASSETCATALOG_COMPILER_LAUNCHIMAGE_NAME = LaunchImage;
				CODE_SIGN_IDENTITY = "iPhone Developer";
				"CODE_SIGN_IDENTITY[sdk=iphoneos*]" = "iPhone Developer";
				INFOPLIST_FILE = "$(SRCROOT)/Example/Info.plist";
				IPHONEOS_DEPLOYMENT_TARGET = 7.0;
				LD_RUNPATH_SEARCH_PATHS = "$(inherited) @executable_path/Frameworks";
				PRODUCT_BUNDLE_IDENTIFIER = "CYL.$(PRODUCT_NAME:rfc1034identifier)";
				PRODUCT_NAME = "$(TARGET_NAME)";
				PROVISIONING_PROFILE = "";
			};
			name = Release;
		};
/* End XCBuildConfiguration section */

/* Begin XCConfigurationList section */
		9AE9426F1BDC91B800354519 /* Build configuration list for PBXProject "CYLTabBarController" */ = {
			isa = XCConfigurationList;
			buildConfigurations = (
				9AE942951BDC91B900354519 /* Debug */,
				9AE942961BDC91B900354519 /* Release */,
			);
			defaultConfigurationIsVisible = 0;
			defaultConfigurationName = Release;
		};
		9AE942971BDC91B900354519 /* Build configuration list for PBXNativeTarget "CYLTabBarController" */ = {
			isa = XCConfigurationList;
			buildConfigurations = (
				9AE942981BDC91B900354519 /* Debug */,
				9AE942991BDC91B900354519 /* Release */,
			);
			defaultConfigurationIsVisible = 0;
			defaultConfigurationName = Release;
		};
/* End XCConfigurationList section */
	};
	rootObject = 9AE9426C1BDC91B800354519 /* Project object */;
}
